// !$*UTF8*$!
{
	archiveVersion = 1;
	classes = {
	};
	objectVersion = 55;
	objects = {

/* Begin PBXBuildFile section */
		08A21CC58D71E24315C01F23 /* Pods_Do_Re_Mi.framework in Frameworks */ = {isa = PBXBuildFile; fileRef = 7615A4ACF37D08F56D901C93 /* Pods_Do_Re_Mi.framework */; };
		212DC3462741F5F600610A1E /* SpotifyiOS.framework in Frameworks */ = {isa = PBXBuildFile; fileRef = 212DC3452741F5F600610A1E /* SpotifyiOS.framework */; };
		36D2E8F42741D89A00D19CED /* AppDelegate.swift in Sources */ = {isa = PBXBuildFile; fileRef = 36D2E8F32741D89A00D19CED /* AppDelegate.swift */; };
		36D2E8F62741D89A00D19CED /* SceneDelegate.swift in Sources */ = {isa = PBXBuildFile; fileRef = 36D2E8F52741D89A00D19CED /* SceneDelegate.swift */; };
		36D2E8F82741D89A00D19CED /* ViewController.swift in Sources */ = {isa = PBXBuildFile; fileRef = 36D2E8F72741D89A00D19CED /* ViewController.swift */; };
		36D2E8FB2741D89A00D19CED /* Main.storyboard in Resources */ = {isa = PBXBuildFile; fileRef = 36D2E8F92741D89A00D19CED /* Main.storyboard */; };
		36D2E8FD2741D89C00D19CED /* Assets.xcassets in Resources */ = {isa = PBXBuildFile; fileRef = 36D2E8FC2741D89C00D19CED /* Assets.xcassets */; };
		36D2E9002741D89C00D19CED /* LaunchScreen.storyboard in Resources */ = {isa = PBXBuildFile; fileRef = 36D2E8FE2741D89C00D19CED /* LaunchScreen.storyboard */; };
/* End PBXBuildFile section */

/* Begin PBXFileReference section */
		212DC3452741F5F600610A1E /* SpotifyiOS.framework */ = {isa = PBXFileReference; lastKnownFileType = wrapper.framework; name = SpotifyiOS.framework; path = "Do-Re-Mi/SpotifyiOS.framework"; sourceTree = "<group>"; };
		215D4FBE2741F25E0060BE3D /* DoReMi-Bridging-Header.h */ = {isa = PBXFileReference; lastKnownFileType = sourcecode.c.h; path = "DoReMi-Bridging-Header.h"; sourceTree = "<group>"; };
		30B8823F3A1FACCA26561578 /* Pods-Do-Re-Mi.release.xcconfig */ = {isa = PBXFileReference; includeInIndex = 1; lastKnownFileType = text.xcconfig; name = "Pods-Do-Re-Mi.release.xcconfig"; path = "Target Support Files/Pods-Do-Re-Mi/Pods-Do-Re-Mi.release.xcconfig"; sourceTree = "<group>"; };
		36D2E8F02741D89A00D19CED /* Do-Re-Mi.app */ = {isa = PBXFileReference; explicitFileType = wrapper.application; includeInIndex = 0; path = "Do-Re-Mi.app"; sourceTree = BUILT_PRODUCTS_DIR; };
		36D2E8F32741D89A00D19CED /* AppDelegate.swift */ = {isa = PBXFileReference; lastKnownFileType = sourcecode.swift; path = AppDelegate.swift; sourceTree = "<group>"; };
		36D2E8F52741D89A00D19CED /* SceneDelegate.swift */ = {isa = PBXFileReference; lastKnownFileType = sourcecode.swift; path = SceneDelegate.swift; sourceTree = "<group>"; };
		36D2E8F72741D89A00D19CED /* ViewController.swift */ = {isa = PBXFileReference; lastKnownFileType = sourcecode.swift; path = ViewController.swift; sourceTree = "<group>"; };
		36D2E8FA2741D89A00D19CED /* Base */ = {isa = PBXFileReference; lastKnownFileType = file.storyboard; name = Base; path = Base.lproj/Main.storyboard; sourceTree = "<group>"; };
		36D2E8FC2741D89C00D19CED /* Assets.xcassets */ = {isa = PBXFileReference; lastKnownFileType = folder.assetcatalog; path = Assets.xcassets; sourceTree = "<group>"; };
		36D2E8FF2741D89C00D19CED /* Base */ = {isa = PBXFileReference; lastKnownFileType = file.storyboard; name = Base; path = Base.lproj/LaunchScreen.storyboard; sourceTree = "<group>"; };
		36D2E9012741D89C00D19CED /* Info.plist */ = {isa = PBXFileReference; lastKnownFileType = text.plist.xml; path = Info.plist; sourceTree = "<group>"; };
		7615A4ACF37D08F56D901C93 /* Pods_Do_Re_Mi.framework */ = {isa = PBXFileReference; explicitFileType = wrapper.framework; includeInIndex = 0; path = Pods_Do_Re_Mi.framework; sourceTree = BUILT_PRODUCTS_DIR; };
		BBC375D147A83BADFFBAE19F /* Pods-Do-Re-Mi.debug.xcconfig */ = {isa = PBXFileReference; includeInIndex = 1; lastKnownFileType = text.xcconfig; name = "Pods-Do-Re-Mi.debug.xcconfig"; path = "Target Support Files/Pods-Do-Re-Mi/Pods-Do-Re-Mi.debug.xcconfig"; sourceTree = "<group>"; };
/* End PBXFileReference section */

/* Begin PBXFrameworksBuildPhase section */
		36D2E8ED2741D89A00D19CED /* Frameworks */ = {
			isa = PBXFrameworksBuildPhase;
			buildActionMask = 2147483647;
			files = (
				08A21CC58D71E24315C01F23 /* Pods_Do_Re_Mi.framework in Frameworks */,
				212DC3462741F5F600610A1E /* SpotifyiOS.framework in Frameworks */,
			);
			runOnlyForDeploymentPostprocessing = 0;
		};
/* End PBXFrameworksBuildPhase section */

/* Begin PBXGroup section */
		0382E44F67599F5A748DA1E8 /* Frameworks */ = {
			isa = PBXGroup;
			children = (
				212DC3452741F5F600610A1E /* SpotifyiOS.framework */,
				7615A4ACF37D08F56D901C93 /* Pods_Do_Re_Mi.framework */,
			);
			name = Frameworks;
			sourceTree = "<group>";
		};
		36D2E8E72741D89A00D19CED = {
			isa = PBXGroup;
			children = (
				36D2E8F22741D89A00D19CED /* Do-Re-Mi */,
				36D2E8F12741D89A00D19CED /* Products */,
				900F882A49E7AFE1BAE4C522 /* Pods */,
				0382E44F67599F5A748DA1E8 /* Frameworks */,
			);
			sourceTree = "<group>";
		};
		36D2E8F12741D89A00D19CED /* Products */ = {
			isa = PBXGroup;
			children = (
				36D2E8F02741D89A00D19CED /* Do-Re-Mi.app */,
			);
			name = Products;
			sourceTree = "<group>";
		};
		36D2E8F22741D89A00D19CED /* Do-Re-Mi */ = {
			isa = PBXGroup;
			children = (
				36D2E8F32741D89A00D19CED /* AppDelegate.swift */,
				215D4FBE2741F25E0060BE3D /* DoReMi-Bridging-Header.h */,
				36D2E8F52741D89A00D19CED /* SceneDelegate.swift */,
				36D2E8F72741D89A00D19CED /* ViewController.swift */,
				36D2E8F92741D89A00D19CED /* Main.storyboard */,
				36D2E8FC2741D89C00D19CED /* Assets.xcassets */,
				36D2E8FE2741D89C00D19CED /* LaunchScreen.storyboard */,
				36D2E9012741D89C00D19CED /* Info.plist */,
			);
			path = "Do-Re-Mi";
			sourceTree = "<group>";
		};
		900F882A49E7AFE1BAE4C522 /* Pods */ = {
			isa = PBXGroup;
			children = (
				BBC375D147A83BADFFBAE19F /* Pods-Do-Re-Mi.debug.xcconfig */,
				30B8823F3A1FACCA26561578 /* Pods-Do-Re-Mi.release.xcconfig */,
			);
			path = Pods;
			sourceTree = "<group>";
		};
/* End PBXGroup section */

/* Begin PBXNativeTarget section */
		36D2E8EF2741D89A00D19CED /* Do-Re-Mi */ = {
			isa = PBXNativeTarget;
			buildConfigurationList = 36D2E9042741D89C00D19CED /* Build configuration list for PBXNativeTarget "Do-Re-Mi" */;
			buildPhases = (
				B36B49984402EA362086FBDD /* [CP] Check Pods Manifest.lock */,
				36D2E8EC2741D89A00D19CED /* Sources */,
				36D2E8ED2741D89A00D19CED /* Frameworks */,
				36D2E8EE2741D89A00D19CED /* Resources */,
				AF423F1F4A43AC12C562BCDB /* [CP] Embed Pods Frameworks */,
			);
			buildRules = (
			);
			dependencies = (
			);
			name = "Do-Re-Mi";
			productName = "Do-Re-Mi";
			productReference = 36D2E8F02741D89A00D19CED /* Do-Re-Mi.app */;
			productType = "com.apple.product-type.application";
		};
/* End PBXNativeTarget section */

/* Begin PBXProject section */
		36D2E8E82741D89A00D19CED /* Project object */ = {
			isa = PBXProject;
			attributes = {
				BuildIndependentTargetsInParallel = 1;
				LastSwiftUpdateCheck = 1310;
				LastUpgradeCheck = 1310;
				TargetAttributes = {
					36D2E8EF2741D89A00D19CED = {
						CreatedOnToolsVersion = 13.1;
					};
				};
			};
			buildConfigurationList = 36D2E8EB2741D89A00D19CED /* Build configuration list for PBXProject "Do-Re-Mi" */;
			compatibilityVersion = "Xcode 13.0";
			developmentRegion = en;
			hasScannedForEncodings = 0;
			knownRegions = (
				en,
				Base,
			);
			mainGroup = 36D2E8E72741D89A00D19CED;
			productRefGroup = 36D2E8F12741D89A00D19CED /* Products */;
			projectDirPath = "";
			projectRoot = "";
			targets = (
				36D2E8EF2741D89A00D19CED /* Do-Re-Mi */,
			);
		};
/* End PBXProject section */

/* Begin PBXResourcesBuildPhase section */
		36D2E8EE2741D89A00D19CED /* Resources */ = {
			isa = PBXResourcesBuildPhase;
			buildActionMask = 2147483647;
			files = (
				36D2E9002741D89C00D19CED /* LaunchScreen.storyboard in Resources */,
				36D2E8FD2741D89C00D19CED /* Assets.xcassets in Resources */,
				36D2E8FB2741D89A00D19CED /* Main.storyboard in Resources */,
			);
			runOnlyForDeploymentPostprocessing = 0;
		};
/* End PBXResourcesBuildPhase section */

/* Begin PBXShellScriptBuildPhase section */
		AF423F1F4A43AC12C562BCDB /* [CP] Embed Pods Frameworks */ = {
			isa = PBXShellScriptBuildPhase;
			buildActionMask = 2147483647;
			files = (
			);
			inputFileListPaths = (
				"${PODS_ROOT}/Target Support Files/Pods-Do-Re-Mi/Pods-Do-Re-Mi-frameworks-${CONFIGURATION}-input-files.xcfilelist",
			);
			name = "[CP] Embed Pods Frameworks";
			outputFileListPaths = (
				"${PODS_ROOT}/Target Support Files/Pods-Do-Re-Mi/Pods-Do-Re-Mi-frameworks-${CONFIGURATION}-output-files.xcfilelist",
			);
			runOnlyForDeploymentPostprocessing = 0;
			shellPath = /bin/sh;
			shellScript = "\"${PODS_ROOT}/Target Support Files/Pods-Do-Re-Mi/Pods-Do-Re-Mi-frameworks.sh\"\n";
			showEnvVarsInLog = 0;
		};
		B36B49984402EA362086FBDD /* [CP] Check Pods Manifest.lock */ = {
			isa = PBXShellScriptBuildPhase;
			buildActionMask = 2147483647;
			files = (
			);
			inputFileListPaths = (
			);
			inputPaths = (
				"${PODS_PODFILE_DIR_PATH}/Podfile.lock",
				"${PODS_ROOT}/Manifest.lock",
			);
			name = "[CP] Check Pods Manifest.lock";
			outputFileListPaths = (
			);
			outputPaths = (
				"$(DERIVED_FILE_DIR)/Pods-Do-Re-Mi-checkManifestLockResult.txt",
			);
			runOnlyForDeploymentPostprocessing = 0;
			shellPath = /bin/sh;
			shellScript = "diff \"${PODS_PODFILE_DIR_PATH}/Podfile.lock\" \"${PODS_ROOT}/Manifest.lock\" > /dev/null\nif [ $? != 0 ] ; then\n    # print error to STDERR\n    echo \"error: The sandbox is not in sync with the Podfile.lock. Run 'pod install' or update your CocoaPods installation.\" >&2\n    exit 1\nfi\n# This output is used by Xcode 'outputs' to avoid re-running this script phase.\necho \"SUCCESS\" > \"${SCRIPT_OUTPUT_FILE_0}\"\n";
			showEnvVarsInLog = 0;
		};
/* End PBXShellScriptBuildPhase section */

/* Begin PBXSourcesBuildPhase section */
		36D2E8EC2741D89A00D19CED /* Sources */ = {
			isa = PBXSourcesBuildPhase;
			buildActionMask = 2147483647;
			files = (
				36D2E8F82741D89A00D19CED /* ViewController.swift in Sources */,
				36D2E8F42741D89A00D19CED /* AppDelegate.swift in Sources */,
				36D2E8F62741D89A00D19CED /* SceneDelegate.swift in Sources */,
			);
			runOnlyForDeploymentPostprocessing = 0;
		};
/* End PBXSourcesBuildPhase section */

/* Begin PBXVariantGroup section */
		36D2E8F92741D89A00D19CED /* Main.storyboard */ = {
			isa = PBXVariantGroup;
			children = (
				36D2E8FA2741D89A00D19CED /* Base */,
			);
			name = Main.storyboard;
			sourceTree = "<group>";
		};
		36D2E8FE2741D89C00D19CED /* LaunchScreen.storyboard */ = {
			isa = PBXVariantGroup;
			children = (
				36D2E8FF2741D89C00D19CED /* Base */,
			);
			name = LaunchScreen.storyboard;
			sourceTree = "<group>";
		};
/* End PBXVariantGroup section */

/* Begin XCBuildConfiguration section */
		36D2E9022741D89C00D19CED /* Debug */ = {
			isa = XCBuildConfiguration;
			buildSettings = {
				ALWAYS_SEARCH_USER_PATHS = NO;
				CLANG_ANALYZER_NONNULL = YES;
				CLANG_ANALYZER_NUMBER_OBJECT_CONVERSION = YES_AGGRESSIVE;
				CLANG_CXX_LANGUAGE_STANDARD = "gnu++17";
				CLANG_CXX_LIBRARY = "libc++";
				CLANG_ENABLE_MODULES = YES;
				CLANG_ENABLE_OBJC_ARC = YES;
				CLANG_ENABLE_OBJC_WEAK = YES;
				CLANG_WARN_BLOCK_CAPTURE_AUTORELEASING = YES;
				CLANG_WARN_BOOL_CONVERSION = YES;
				CLANG_WARN_COMMA = YES;
				CLANG_WARN_CONSTANT_CONVERSION = YES;
				CLANG_WARN_DEPRECATED_OBJC_IMPLEMENTATIONS = YES;
				CLANG_WARN_DIRECT_OBJC_ISA_USAGE = YES_ERROR;
				CLANG_WARN_DOCUMENTATION_COMMENTS = YES;
				CLANG_WARN_EMPTY_BODY = YES;
				CLANG_WARN_ENUM_CONVERSION = YES;
				CLANG_WARN_INFINITE_RECURSION = YES;
				CLANG_WARN_INT_CONVERSION = YES;
				CLANG_WARN_NON_LITERAL_NULL_CONVERSION = YES;
				CLANG_WARN_OBJC_IMPLICIT_RETAIN_SELF = YES;
				CLANG_WARN_OBJC_LITERAL_CONVERSION = YES;
				CLANG_WARN_OBJC_ROOT_CLASS = YES_ERROR;
				CLANG_WARN_QUOTED_INCLUDE_IN_FRAMEWORK_HEADER = YES;
				CLANG_WARN_RANGE_LOOP_ANALYSIS = YES;
				CLANG_WARN_STRICT_PROTOTYPES = YES;
				CLANG_WARN_SUSPICIOUS_MOVE = YES;
				CLANG_WARN_UNGUARDED_AVAILABILITY = YES_AGGRESSIVE;
				CLANG_WARN_UNREACHABLE_CODE = YES;
				CLANG_WARN__DUPLICATE_METHOD_MATCH = YES;
				COPY_PHASE_STRIP = NO;
				DEBUG_INFORMATION_FORMAT = dwarf;
				ENABLE_STRICT_OBJC_MSGSEND = YES;
				ENABLE_TESTABILITY = YES;
				GCC_C_LANGUAGE_STANDARD = gnu11;
				GCC_DYNAMIC_NO_PIC = NO;
				GCC_NO_COMMON_BLOCKS = YES;
				GCC_OPTIMIZATION_LEVEL = 0;
				GCC_PREPROCESSOR_DEFINITIONS = (
					"DEBUG=1",
					"$(inherited)",
				);
				GCC_WARN_64_TO_32_BIT_CONVERSION = YES;
				GCC_WARN_ABOUT_RETURN_TYPE = YES_ERROR;
				GCC_WARN_UNDECLARED_SELECTOR = YES;
				GCC_WARN_UNINITIALIZED_AUTOS = YES_AGGRESSIVE;
				GCC_WARN_UNUSED_FUNCTION = YES;
				GCC_WARN_UNUSED_VARIABLE = YES;
				IPHONEOS_DEPLOYMENT_TARGET = 15.0;
				MTL_ENABLE_DEBUG_INFO = INCLUDE_SOURCE;
				MTL_FAST_MATH = YES;
				ONLY_ACTIVE_ARCH = YES;
				SDKROOT = iphoneos;
				SWIFT_ACTIVE_COMPILATION_CONDITIONS = DEBUG;
				SWIFT_OPTIMIZATION_LEVEL = "-Onone";
			};
			name = Debug;
		};
		36D2E9032741D89C00D19CED /* Release */ = {
			isa = XCBuildConfiguration;
			buildSettings = {
				ALWAYS_SEARCH_USER_PATHS = NO;
				CLANG_ANALYZER_NONNULL = YES;
				CLANG_ANALYZER_NUMBER_OBJECT_CONVERSION = YES_AGGRESSIVE;
				CLANG_CXX_LANGUAGE_STANDARD = "gnu++17";
				CLANG_CXX_LIBRARY = "libc++";
				CLANG_ENABLE_MODULES = YES;
				CLANG_ENABLE_OBJC_ARC = YES;
				CLANG_ENABLE_OBJC_WEAK = YES;
				CLANG_WARN_BLOCK_CAPTURE_AUTORELEASING = YES;
				CLANG_WARN_BOOL_CONVERSION = YES;
				CLANG_WARN_COMMA = YES;
				CLANG_WARN_CONSTANT_CONVERSION = YES;
				CLANG_WARN_DEPRECATED_OBJC_IMPLEMENTATIONS = YES;
				CLANG_WARN_DIRECT_OBJC_ISA_USAGE = YES_ERROR;
				CLANG_WARN_DOCUMENTATION_COMMENTS = YES;
				CLANG_WARN_EMPTY_BODY = YES;
				CLANG_WARN_ENUM_CONVERSION = YES;
				CLANG_WARN_INFINITE_RECURSION = YES;
				CLANG_WARN_INT_CONVERSION = YES;
				CLANG_WARN_NON_LITERAL_NULL_CONVERSION = YES;
				CLANG_WARN_OBJC_IMPLICIT_RETAIN_SELF = YES;
				CLANG_WARN_OBJC_LITERAL_CONVERSION = YES;
				CLANG_WARN_OBJC_ROOT_CLASS = YES_ERROR;
				CLANG_WARN_QUOTED_INCLUDE_IN_FRAMEWORK_HEADER = YES;
				CLANG_WARN_RANGE_LOOP_ANALYSIS = YES;
				CLANG_WARN_STRICT_PROTOTYPES = YES;
				CLANG_WARN_SUSPICIOUS_MOVE = YES;
				CLANG_WARN_UNGUARDED_AVAILABILITY = YES_AGGRESSIVE;
				CLANG_WARN_UNREACHABLE_CODE = YES;
				CLANG_WARN__DUPLICATE_METHOD_MATCH = YES;
				COPY_PHASE_STRIP = NO;
				DEBUG_INFORMATION_FORMAT = "dwarf-with-dsym";
				ENABLE_NS_ASSERTIONS = NO;
				ENABLE_STRICT_OBJC_MSGSEND = YES;
				GCC_C_LANGUAGE_STANDARD = gnu11;
				GCC_NO_COMMON_BLOCKS = YES;
				GCC_WARN_64_TO_32_BIT_CONVERSION = YES;
				GCC_WARN_ABOUT_RETURN_TYPE = YES_ERROR;
				GCC_WARN_UNDECLARED_SELECTOR = YES;
				GCC_WARN_UNINITIALIZED_AUTOS = YES_AGGRESSIVE;
				GCC_WARN_UNUSED_FUNCTION = YES;
				GCC_WARN_UNUSED_VARIABLE = YES;
				IPHONEOS_DEPLOYMENT_TARGET = 15.0;
				MTL_ENABLE_DEBUG_INFO = NO;
				MTL_FAST_MATH = YES;
				SDKROOT = iphoneos;
				SWIFT_COMPILATION_MODE = wholemodule;
				SWIFT_OPTIMIZATION_LEVEL = "-O";
				VALIDATE_PRODUCT = YES;
			};
			name = Release;
		};
		36D2E9052741D89C00D19CED /* Debug */ = {
			isa = XCBuildConfiguration;
			baseConfigurationReference = BBC375D147A83BADFFBAE19F /* Pods-Do-Re-Mi.debug.xcconfig */;
			buildSettings = {
				ASSETCATALOG_COMPILER_APPICON_NAME = AppIcon;
				ASSETCATALOG_COMPILER_GLOBAL_ACCENT_COLOR_NAME = AccentColor;
				CODE_SIGN_STYLE = Automatic;
				CURRENT_PROJECT_VERSION = 1;
				DEVELOPMENT_TEAM = WYV3S9722R;
				FRAMEWORK_SEARCH_PATHS = (
					"$(inherited)",
					"$(PROJECT_DIR)/Do-Re-Mi",
				);
				GENERATE_INFOPLIST_FILE = YES;
				INFOPLIST_FILE = "Do-Re-Mi/Info.plist";
				INFOPLIST_KEY_UIApplicationSupportsIndirectInputEvents = YES;
				INFOPLIST_KEY_UILaunchStoryboardName = LaunchScreen;
				INFOPLIST_KEY_UIMainStoryboardFile = Main;
				INFOPLIST_KEY_UISupportedInterfaceOrientations_iPad = "UIInterfaceOrientationPortrait UIInterfaceOrientationPortraitUpsideDown UIInterfaceOrientationLandscapeLeft UIInterfaceOrientationLandscapeRight";
				INFOPLIST_KEY_UISupportedInterfaceOrientations_iPhone = "UIInterfaceOrientationPortrait UIInterfaceOrientationLandscapeLeft UIInterfaceOrientationLandscapeRight";
				LD_RUNPATH_SEARCH_PATHS = (
					"$(inherited)",
					"@executable_path/Frameworks",
				);
				MARKETING_VERSION = 1.0;
				OTHER_LDFLAGS = (
					"$(inherited)",
					"-l\"c++\"",
					"-l\"z\"",
					"-framework",
					"\"CoreTelephony\"",
					"-framework",
					"\"FBLPromises\"",
					"-framework",
					"\"FirebaseAuth\"",
					"-framework",
					"\"FirebaseCore\"",
					"-framework",
					"\"FirebaseCoreDiagnostics\"",
					"-framework",
					"\"FirebaseFirestore\"",
					"-framework",
					"\"Foundation\"",
					"-framework",
					"\"GTMSessionFetcher\"",
					"-framework",
					"\"GoogleDataTransport\"",
					"-framework",
					"\"GoogleUtilities\"",
					"-framework",
					"\"SafariServices\"",
					"-framework",
					"\"Security\"",
					"-framework",
					"\"SystemConfiguration\"",
					"-framework",
					"\"UIKit\"",
					"-framework",
					"\"absl\"",
					"-framework",
					"\"grpc\"",
					"-framework",
					"\"grpcpp\"",
					"-framework",
					"\"leveldb\"",
					"-framework",
					"\"nanopb\"",
					"-framework",
					"\"openssl_grpc\"",
					"-ObjC",
				);
				PRODUCT_BUNDLE_IDENTIFIER = "com.spotify.Do-Re-Mi-";
				PRODUCT_NAME = "$(TARGET_NAME)";
				SWIFT_EMIT_LOC_STRINGS = YES;
				SWIFT_OBJC_BRIDGING_HEADER = "./Do-Re-Mi/DoReMi-Bridging-Header.h";
				SWIFT_VERSION = 5.0;
				TARGETED_DEVICE_FAMILY = "1,2";
			};
			name = Debug;
		};
		36D2E9062741D89C00D19CED /* Release */ = {
			isa = XCBuildConfiguration;
			baseConfigurationReference = 30B8823F3A1FACCA26561578 /* Pods-Do-Re-Mi.release.xcconfig */;
			buildSettings = {
				ASSETCATALOG_COMPILER_APPICON_NAME = AppIcon;
				ASSETCATALOG_COMPILER_GLOBAL_ACCENT_COLOR_NAME = AccentColor;
				CODE_SIGN_STYLE = Automatic;
				CURRENT_PROJECT_VERSION = 1;
				DEVELOPMENT_TEAM = WYV3S9722R;
				FRAMEWORK_SEARCH_PATHS = (
					"$(inherited)",
					"$(PROJECT_DIR)/Do-Re-Mi",
				);
				GENERATE_INFOPLIST_FILE = YES;
				INFOPLIST_FILE = "Do-Re-Mi/Info.plist";
				INFOPLIST_KEY_UIApplicationSupportsIndirectInputEvents = YES;
				INFOPLIST_KEY_UILaunchStoryboardName = LaunchScreen;
				INFOPLIST_KEY_UIMainStoryboardFile = Main;
				INFOPLIST_KEY_UISupportedInterfaceOrientations_iPad = "UIInterfaceOrientationPortrait UIInterfaceOrientationPortraitUpsideDown UIInterfaceOrientationLandscapeLeft UIInterfaceOrientationLandscapeRight";
				INFOPLIST_KEY_UISupportedInterfaceOrientations_iPhone = "UIInterfaceOrientationPortrait UIInterfaceOrientationLandscapeLeft UIInterfaceOrientationLandscapeRight";
				LD_RUNPATH_SEARCH_PATHS = (
					"$(inherited)",
					"@executable_path/Frameworks",
				);
				MARKETING_VERSION = 1.0;
				OTHER_LDFLAGS = (
					"$(inherited)",
					"-l\"c++\"",
					"-l\"z\"",
					"-framework",
					"\"CoreTelephony\"",
					"-framework",
					"\"FBLPromises\"",
					"-framework",
					"\"FirebaseAuth\"",
					"-framework",
					"\"FirebaseCore\"",
					"-framework",
					"\"FirebaseCoreDiagnostics\"",
					"-framework",
					"\"FirebaseFirestore\"",
					"-framework",
					"\"Foundation\"",
					"-framework",
					"\"GTMSessionFetcher\"",
					"-framework",
					"\"GoogleDataTransport\"",
					"-framework",
					"\"GoogleUtilities\"",
					"-framework",
					"\"SafariServices\"",
					"-framework",
					"\"Security\"",
					"-framework",
					"\"SystemConfiguration\"",
					"-framework",
					"\"UIKit\"",
					"-framework",
					"\"absl\"",
					"-framework",
					"\"grpc\"",
					"-framework",
					"\"grpcpp\"",
					"-framework",
					"\"leveldb\"",
					"-framework",
					"\"nanopb\"",
					"-framework",
					"\"openssl_grpc\"",
					"-ObjC",
				);
				PRODUCT_BUNDLE_IDENTIFIER = "com.spotify.Do-Re-Mi-";
				PRODUCT_NAME = "$(TARGET_NAME)";
				SWIFT_EMIT_LOC_STRINGS = YES;
				SWIFT_OBJC_BRIDGING_HEADER = "./Do-Re-Mi/DoReMi-Bridging-Header.h";
				SWIFT_VERSION = 5.0;
				TARGETED_DEVICE_FAMILY = "1,2";
			};
			name = Release;
		};
/* End XCBuildConfiguration section */

/* Begin XCConfigurationList section */
		36D2E8EB2741D89A00D19CED /* Build configuration list for PBXProject "Do-Re-Mi" */ = {
			isa = XCConfigurationList;
			buildConfigurations = (
				36D2E9022741D89C00D19CED /* Debug */,
				36D2E9032741D89C00D19CED /* Release */,
			);
			defaultConfigurationIsVisible = 0;
			defaultConfigurationName = Release;
		};
		36D2E9042741D89C00D19CED /* Build configuration list for PBXNativeTarget "Do-Re-Mi" */ = {
			isa = XCConfigurationList;
			buildConfigurations = (
				36D2E9052741D89C00D19CED /* Debug */,
				36D2E9062741D89C00D19CED /* Release */,
			);
			defaultConfigurationIsVisible = 0;
			defaultConfigurationName = Release;
		};
/* End XCConfigurationList section */
	};
	rootObject = 36D2E8E82741D89A00D19CED /* Project object */;
}
